
Microsoft Visual Studio Solution File, Format Version 12.00
# Visual Studio Version 16
VisualStudioVersion = 16.0.30320.27
MinimumVisualStudioVersion = 10.0.40219.1
Project("{FAE04EC0-301F-11D3-BF4B-00C04F79EFBC}") = "Fluent_Android_Helper", "Fluent_Android_Helper\Fluent_Android_Helper.csproj", "{92EBED38-3046-4864-838C-C1D59297C422}"
EndProject
Project("{FAE04EC0-301F-11D3-BF4B-00C04F79EFBC}") = "Command_Executor", "Command_Executor\Command_Executor.csproj", "{82AFED00-8474-457E-B0AE-A19A5AA35B3D}"
EndProject
Project("{FAE04EC0-301F-11D3-BF4B-00C04F79EFBC}") = "ADB_Executor_Library", "ADB_Executor_Library\ADB_Executor_Library.csproj", "{5132857E-E8A3-4E88-BE20-C1D69C240404}"
EndProject
Global
	GlobalSection(SolutionConfigurationPlatforms) = preSolution
		Debug|Any CPU = Debug|Any CPU
		Release|Any CPU = Release|Any CPU
	EndGlobalSection
	GlobalSection(ProjectConfigurationPlatforms) = postSolution
		{92EBED38-3046-4864-838C-C1D59297C422}.Debug|Any CPU.ActiveCfg = Debug|Any CPU
		{92EBED38-3046-4864-838C-C1D59297C422}.Debug|Any CPU.Build.0 = Debug|Any CPU
		{92EBED38-3046-4864-838C-C1D59297C422}.Release|Any CPU.ActiveCfg = Release|Any CPU
		{92EBED38-3046-4864-838C-C1D59297C422}.Release|Any CPU.Build.0 = Release|Any CPU
		{82AFED00-8474-457E-B0AE-A19A5AA35B3D}.Debug|Any CPU.ActiveCfg = Debug|Any CPU
		{82AFED00-8474-457E-B0AE-A19A5AA35B3D}.Debug|Any CPU.Build.0 = Debug|Any CPU
		{82AFED00-8474-457E-B0AE-A19A5AA35B3D}.Release|Any CPU.ActiveCfg = Release|Any CPU
		{82AFED00-8474-457E-B0AE-A19A5AA35B3D}.Release|Any CPU.Build.0 = Release|Any CPU
		{5132857E-E8A3-4E88-BE20-C1D69C240404}.Debug|Any CPU.ActiveCfg = Debug|Any CPU
		{5132857E-E8A3-4E88-BE20-C1D69C240404}.Debug|Any CPU.Build.0 = Debug|Any CPU
		{5132857E-E8A3-4E88-BE20-C1D69C240404}.Release|Any CPU.ActiveCfg = Release|Any CPU
		{5132857E-E8A3-4E88-BE20-C1D69C240404}.Release|Any CPU.Build.0 = Release|Any CPU
	EndGlobalSection
	GlobalSection(SolutionProperties) = preSolution
		HideSolutionNode = FALSE
	EndGlobalSection
	GlobalSection(ExtensibilityGlobals) = postSolution
		SolutionGuid = {F9D330FB-81F5-4E74-A401-0BB09207897F}
	EndGlobalSection
EndGlobal
